#MicroXplorer Configuration settings - do not modify
Mcu.Family=STM32L0
RCC.MSI_VALUE=2097000
ProjectManager.MainLocation=Core/Src
PB13.GPIOParameters=GPIO_Label
RCC.USART1Freq_Value=32000000
ProjectManager.ProjectFileName=Qdice-main.ioc
PB8.GPIOParameters=GPIO_Label
PB9.GPIO_Label=DISP_DATA
RCC.48USBFreq_Value=32000000
ProjectManager.KeepUserCode=true
PA10.Mode=Asynchronous
Mcu.UserName=STM32L053C8Tx
Mcu.PinsNb=14
ProjectManager.NoMain=false
PC13.Locked=true
RCC.LPUARTFreq_Value=32000000
RCC.PLLCLKFreq_Value=32000000
PC13.Signal=GPIO_Output
PB14.GPIO_Label=SPEED
ProjectManager.functionlistsort=1-MX_GPIO_Init-GPIO-false-HAL-true,2-SystemClock_Config-RCC-false-HAL-false,3-MX_USART1_UART_Init-USART1-false-HAL-true
RCC.RTCFreq_Value=37000
ProjectManager.DefaultFWLocation=true
RCC.USART2Freq_Value=32000000
PB12.Locked=true
NVIC.SVC_IRQn=true\:0\:0\:false\:false\:true\:false\:false
ProjectManager.DeletePrevious=true
USART1.IPParameters=VirtualMode-Asynchronous
PC13.GPIO_Label=SW_HV
PB14.Locked=true
PB13.GPIO_Label=SW_MODE
RCC.TimerFreq_Value=32000000
PB15.Signal=GPIO_Input
PB13.Signal=GPIO_Input
RCC.48CLKFreq_Value=32000000
PinOutPanel.RotationAngle=0
RCC.FamilyName=M
RCC.SYSCLKSource=RCC_SYSCLKSOURCE_PLLCLK
ProjectManager.StackSize=0x400
PB9.GPIOParameters=GPIO_Label
RCC.WatchDogFreq_Value=37000
USART1.VirtualMode-Asynchronous=VM_ASYNC
PA13.Signal=SYS_SWDIO
RCC.FCLKCortexFreq_Value=32000000
RCC.HSI16_VALUE=16000000
Mcu.IP2=SYS
PB8.GPIO_Label=DISP_CS
Mcu.IP3=USART1
Mcu.IP0=NVIC
PA9.Mode=Asynchronous
Mcu.IP1=RCC
PA8.GPIO_Label=INT_PULSE
Mcu.UserConstants=
ProjectManager.TargetToolchain=STM32CubeIDE
Mcu.ThirdPartyNb=0
PB7.GPIOParameters=GPIO_Label
RCC.HCLKFreq_Value=32000000
Mcu.IPNb=4
ProjectManager.PreviousToolchain=STM32CubeIDE
RCC.APB2TimFreq_Value=32000000
PA9.Signal=USART1_TX
PB9.Locked=true
PA8.GPIOParameters=GPIO_Label,GPIO_ModeDefaultEXTI
Mcu.Pin6=PA9
Mcu.Pin7=PA10
ProjectManager.RegisterCallBack=
Mcu.Pin8=PA13
Mcu.Pin9=PA14
RCC.LSE_VALUE=32768
RCC.AHBFreq_Value=32000000
PB13.Locked=true
Mcu.Pin0=PC13
Mcu.Pin1=PB12
GPIO.groupedBy=Group By Peripherals
Mcu.Pin2=PB13
Mcu.Pin3=PB14
Mcu.Pin4=PB15
Mcu.Pin5=PA8
PB14.Signal=GPIO_Input
ProjectManager.ProjectBuild=false
RCC.HSE_VALUE=8000000
RCC.MCOPinFreq_Value=32000000
PA8.Locked=true
board=custom
RCC.VCOOutputFreq_Value=64000000
NVIC.SysTick_IRQn=true\:0\:0\:false\:false\:true\:false\:true
ProjectManager.LastFirmware=true
RCC.PLLMUL=RCC_PLLMUL_4
PB12.GPIO_Label=SW_ROLL
ProjectManager.FirmwarePackage=STM32Cube FW_L0 V1.12.0
MxDb.Version=DB.6.0.21
RCC.APB2Freq_Value=32000000
ProjectManager.BackupPrevious=true
MxCube.Version=6.2.1
PB15.GPIO_Label=SW_DICE
RCC.I2C1Freq_Value=32000000
PA14.Mode=Serial_Wire
PC13.GPIOParameters=GPIO_Label
RCC.LCDFreq_Value=37000
File.Version=6
VP_SYS_VS_Systick.Mode=SysTick
PA9.Locked=true
PB7.Signal=GPIO_Output
PA8.Signal=GPXTI8
PB8.Locked=true
NVIC.NonMaskableInt_IRQn=true\:0\:0\:false\:false\:true\:false\:false
NVIC.PendSV_IRQn=true\:0\:0\:false\:false\:true\:false\:false
PB15.GPIOParameters=GPIO_Label
PA13.Mode=Serial_Wire
ProjectManager.FreePins=true
RCC.IPParameters=48CLKFreq_Value,48RNGFreq_Value,48USBFreq_Value,AHBFreq_Value,APB1Freq_Value,APB1TimFreq_Value,APB2Freq_Value,APB2TimFreq_Value,FCLKCortexFreq_Value,FamilyName,HCLKFreq_Value,HSE_VALUE,HSI16_VALUE,HSI48_VALUE,HSI_VALUE,I2C1Freq_Value,LCDFreq_Value,LPTIMFreq_Value,LPUARTFreq_Value,LSE_VALUE,LSI_VALUE,MCOPinFreq_Value,MSI_VALUE,PLLCLKFreq_Value,PLLMUL,PWRFreq_Value,RTCFreq_Value,RTCHSEDivFreq_Value,SYSCLKFreq_VALUE,SYSCLKSource,TIMFreq_Value,TimerFreq_Value,USART1Freq_Value,USART2Freq_Value,VCOOutputFreq_Value,WatchDogFreq_Value
ProjectManager.AskForMigrate=true
Mcu.Name=STM32L053C(6-8)Tx
ProjectManager.HalAssertFull=false
RCC.RTCHSEDivFreq_Value=4000000
ProjectManager.ProjectName=Qdice-main
ProjectManager.UnderRoot=true
ProjectManager.CoupleFile=false
PB7.GPIO_Label=SW_CLK
RCC.SYSCLKFreq_VALUE=32000000
Mcu.Package=LQFP48
PB9.Signal=GPIO_Output
PA10.Locked=true
NVIC.ForceEnableDMAVector=true
KeepUserPlacement=false
PA8.GPIO_ModeDefaultEXTI=GPIO_MODE_IT_FALLING
SH.GPXTI8.0=GPIO_EXTI8
ProjectManager.CompilerOptimize=6
ProjectManager.ToolChainLocation=
RCC.LSI_VALUE=37000
VP_SYS_VS_Systick.Signal=SYS_VS_Systick
SH.GPXTI8.ConfNb=1
PA10.Signal=USART1_RX
PA14.Signal=SYS_SWCLK
ProjectManager.HeapSize=0x200
NVIC.HardFault_IRQn=true\:0\:0\:false\:false\:true\:false\:false
Mcu.Pin13=VP_SYS_VS_Systick
PB14.GPIOParameters=GPIO_Label
ProjectManager.ComputerToolchain=false
RCC.HSI_VALUE=16000000
Mcu.Pin11=PB8
Mcu.Pin12=PB9
Mcu.Pin10=PB7
PB7.Locked=true
RCC.APB1TimFreq_Value=32000000
PB8.Signal=GPIO_Output
RCC.PWRFreq_Value=32000000
RCC.48RNGFreq_Value=32000000
RCC.APB1Freq_Value=32000000
ProjectManager.CustomerFirmwarePackage=
ProjectManager.DeviceId=STM32L053C8Tx
PB12.GPIOParameters=GPIO_Label
PB12.Signal=GPIO_Input
NVIC.EXTI4_15_IRQn=true\:0\:0\:false\:false\:true\:true\:true
ProjectManager.LibraryCopy=1
RCC.HSI48_VALUE=48000000
RCC.LPTIMFreq_Value=32000000
PB15.Locked=true
RCC.TIMFreq_Value=32000000
isbadioc=false
